
Microsoft Visual Studio Solution File, Format Version 12.00
# Visual Studio Version 17
VisualStudioVersion = 17.5.33502.453
MinimumVisualStudioVersion = 10.0.40219.1
Project("{2150E333-8FDC-42A3-9474-1A3956D46DE8}") = "Base", "Base", "{5A1C17D0-73CF-4A2C-8A7F-81C92747381B}"
EndProject
Project("{2150E333-8FDC-42A3-9474-1A3956D46DE8}") = "Server", "Server", "{2C9C09AA-D019-4DA4-9E5E-7E387DD58EC5}"
EndProject
Project("{2150E333-8FDC-42A3-9474-1A3956D46DE8}") = "Module", "Module", "{3C1DC320-F26E-4E47-AA8C-8B4D0B18F25D}"
EndProject
Project("{2150E333-8FDC-42A3-9474-1A3956D46DE8}") = "Gateway", "Gateway", "{4FC68F50-F5F4-4431-86A5-22AB811F3366}"
EndProject
Project("{9A19103F-16F7-4668-BE54-9A1E7A4F7556}") = "FrameCommon", "Base\FrameCommon\FrameCommon.csproj", "{0C5CE39C-BFED-405A-96F1-60D72F06018C}"
EndProject
Project("{9A19103F-16F7-4668-BE54-9A1E7A4F7556}") = "FrameModel", "Base\FrameModel\FrameModel.csproj", "{BA536F56-CCCE-49F3-958B-3F79B42FB348}"
EndProject
Project("{9A19103F-16F7-4668-BE54-9A1E7A4F7556}") = "FrameExtensions", "Base\FrameExtensions\FrameExtensions.csproj", "{AFF336B6-548A-4DCE-93D1-ED5457AB8B6D}"
EndProject
Project("{9A19103F-16F7-4668-BE54-9A1E7A4F7556}") = "FrameRepository", "Base\FrameRepository\FrameRepository.csproj", "{AAF99C88-6744-492B-A1D6-0229F85EA358}"
EndProject
Project("{9A19103F-16F7-4668-BE54-9A1E7A4F7556}") = "FrameIRepository", "Base\FrameIRepository\FrameIRepository.csproj", "{83AD200A-13F3-42A3-96B8-39550A13C26D}"
EndProject
Project("{9A19103F-16F7-4668-BE54-9A1E7A4F7556}") = "APIGateway", "Gateway\APIGateway\APIGateway.csproj", "{8A93BBAF-A5E8-4A2C-B8F2-AA712242AF69}"
EndProject
Project("{9A19103F-16F7-4668-BE54-9A1E7A4F7556}") = "FrameCore", "Server\FrameCore\FrameCore.csproj", "{F5560013-A83F-4C13-9BAA-935B3858C26C}"
EndProject
Project("{2150E333-8FDC-42A3-9474-1A3956D46DE8}") = "00", "00", "{F76F03DC-4F0A-4D7E-9246-54E0E9A1A8A4}"
EndProject
Project("{2150E333-8FDC-42A3-9474-1A3956D46DE8}") = "01", "01", "{9076BB55-7205-4661-9586-6AAD108D4196}"
EndProject
Project("{9A19103F-16F7-4668-BE54-9A1E7A4F7556}") = "FrameIService", "Module\01\FrameIService\FrameIService.csproj", "{3E094FC8-9DFB-4752-8CE7-6DB65E567232}"
EndProject
Project("{9A19103F-16F7-4668-BE54-9A1E7A4F7556}") = "FrameService", "Module\01\FrameService\FrameService.csproj", "{4DDCF92C-28CF-4300-9C6B-3B6C0F126D59}"
EndProject
Project("{9A19103F-16F7-4668-BE54-9A1E7A4F7556}") = "FrameMiscellaneous", "Module\01\FrameMiscellaneous\FrameMiscellaneous.csproj", "{0D8CCB3F-47CA-43C8-BE1C-9433337805A9}"
EndProject
Project("{9A19103F-16F7-4668-BE54-9A1E7A4F7556}") = "WebApplication1", "Module\00\WebApplication1\WebApplication1.csproj", "{92C55417-9494-4803-8666-41BAC5A60D6E}"
EndProject
Global
	GlobalSection(SolutionConfigurationPlatforms) = preSolution
		Debug|Any CPU = Debug|Any CPU
		Release|Any CPU = Release|Any CPU
	EndGlobalSection
	GlobalSection(ProjectConfigurationPlatforms) = postSolution
		{0C5CE39C-BFED-405A-96F1-60D72F06018C}.Debug|Any CPU.ActiveCfg = Debug|Any CPU
		{0C5CE39C-BFED-405A-96F1-60D72F06018C}.Debug|Any CPU.Build.0 = Debug|Any CPU
		{0C5CE39C-BFED-405A-96F1-60D72F06018C}.Release|Any CPU.ActiveCfg = Release|Any CPU
		{0C5CE39C-BFED-405A-96F1-60D72F06018C}.Release|Any CPU.Build.0 = Release|Any CPU
		{BA536F56-CCCE-49F3-958B-3F79B42FB348}.Debug|Any CPU.ActiveCfg = Debug|Any CPU
		{BA536F56-CCCE-49F3-958B-3F79B42FB348}.Debug|Any CPU.Build.0 = Debug|Any CPU
		{BA536F56-CCCE-49F3-958B-3F79B42FB348}.Release|Any CPU.ActiveCfg = Release|Any CPU
		{BA536F56-CCCE-49F3-958B-3F79B42FB348}.Release|Any CPU.Build.0 = Release|Any CPU
		{AFF336B6-548A-4DCE-93D1-ED5457AB8B6D}.Debug|Any CPU.ActiveCfg = Debug|Any CPU
		{AFF336B6-548A-4DCE-93D1-ED5457AB8B6D}.Debug|Any CPU.Build.0 = Debug|Any CPU
		{AFF336B6-548A-4DCE-93D1-ED5457AB8B6D}.Release|Any CPU.ActiveCfg = Release|Any CPU
		{AFF336B6-548A-4DCE-93D1-ED5457AB8B6D}.Release|Any CPU.Build.0 = Release|Any CPU
		{AAF99C88-6744-492B-A1D6-0229F85EA358}.Debug|Any CPU.ActiveCfg = Debug|Any CPU
		{AAF99C88-6744-492B-A1D6-0229F85EA358}.Debug|Any CPU.Build.0 = Debug|Any CPU
		{AAF99C88-6744-492B-A1D6-0229F85EA358}.Release|Any CPU.ActiveCfg = Release|Any CPU
		{AAF99C88-6744-492B-A1D6-0229F85EA358}.Release|Any CPU.Build.0 = Release|Any CPU
		{83AD200A-13F3-42A3-96B8-39550A13C26D}.Debug|Any CPU.ActiveCfg = Debug|Any CPU
		{83AD200A-13F3-42A3-96B8-39550A13C26D}.Debug|Any CPU.Build.0 = Debug|Any CPU
		{83AD200A-13F3-42A3-96B8-39550A13C26D}.Release|Any CPU.ActiveCfg = Release|Any CPU
		{83AD200A-13F3-42A3-96B8-39550A13C26D}.Release|Any CPU.Build.0 = Release|Any CPU
		{8A93BBAF-A5E8-4A2C-B8F2-AA712242AF69}.Debug|Any CPU.ActiveCfg = Debug|Any CPU
		{8A93BBAF-A5E8-4A2C-B8F2-AA712242AF69}.Debug|Any CPU.Build.0 = Debug|Any CPU
		{8A93BBAF-A5E8-4A2C-B8F2-AA712242AF69}.Release|Any CPU.ActiveCfg = Release|Any CPU
		{8A93BBAF-A5E8-4A2C-B8F2-AA712242AF69}.Release|Any CPU.Build.0 = Release|Any CPU
		{F5560013-A83F-4C13-9BAA-935B3858C26C}.Debug|Any CPU.ActiveCfg = Debug|Any CPU
		{F5560013-A83F-4C13-9BAA-935B3858C26C}.Debug|Any CPU.Build.0 = Debug|Any CPU
		{F5560013-A83F-4C13-9BAA-935B3858C26C}.Release|Any CPU.ActiveCfg = Release|Any CPU
		{F5560013-A83F-4C13-9BAA-935B3858C26C}.Release|Any CPU.Build.0 = Release|Any CPU
		{3E094FC8-9DFB-4752-8CE7-6DB65E567232}.Debug|Any CPU.ActiveCfg = Debug|Any CPU
		{3E094FC8-9DFB-4752-8CE7-6DB65E567232}.Debug|Any CPU.Build.0 = Debug|Any CPU
		{3E094FC8-9DFB-4752-8CE7-6DB65E567232}.Release|Any CPU.ActiveCfg = Release|Any CPU
		{3E094FC8-9DFB-4752-8CE7-6DB65E567232}.Release|Any CPU.Build.0 = Release|Any CPU
		{4DDCF92C-28CF-4300-9C6B-3B6C0F126D59}.Debug|Any CPU.ActiveCfg = Debug|Any CPU
		{4DDCF92C-28CF-4300-9C6B-3B6C0F126D59}.Debug|Any CPU.Build.0 = Debug|Any CPU
		{4DDCF92C-28CF-4300-9C6B-3B6C0F126D59}.Release|Any CPU.ActiveCfg = Release|Any CPU
		{4DDCF92C-28CF-4300-9C6B-3B6C0F126D59}.Release|Any CPU.Build.0 = Release|Any CPU
		{0D8CCB3F-47CA-43C8-BE1C-9433337805A9}.Debug|Any CPU.ActiveCfg = Debug|Any CPU
		{0D8CCB3F-47CA-43C8-BE1C-9433337805A9}.Debug|Any CPU.Build.0 = Debug|Any CPU
		{0D8CCB3F-47CA-43C8-BE1C-9433337805A9}.Release|Any CPU.ActiveCfg = Release|Any CPU
		{0D8CCB3F-47CA-43C8-BE1C-9433337805A9}.Release|Any CPU.Build.0 = Release|Any CPU
		{92C55417-9494-4803-8666-41BAC5A60D6E}.Debug|Any CPU.ActiveCfg = Debug|Any CPU
		{92C55417-9494-4803-8666-41BAC5A60D6E}.Debug|Any CPU.Build.0 = Debug|Any CPU
		{92C55417-9494-4803-8666-41BAC5A60D6E}.Release|Any CPU.ActiveCfg = Release|Any CPU
		{92C55417-9494-4803-8666-41BAC5A60D6E}.Release|Any CPU.Build.0 = Release|Any CPU
	EndGlobalSection
	GlobalSection(SolutionProperties) = preSolution
		HideSolutionNode = FALSE
	EndGlobalSection
	GlobalSection(NestedProjects) = preSolution
		{0C5CE39C-BFED-405A-96F1-60D72F06018C} = {5A1C17D0-73CF-4A2C-8A7F-81C92747381B}
		{BA536F56-CCCE-49F3-958B-3F79B42FB348} = {5A1C17D0-73CF-4A2C-8A7F-81C92747381B}
		{AFF336B6-548A-4DCE-93D1-ED5457AB8B6D} = {5A1C17D0-73CF-4A2C-8A7F-81C92747381B}
		{AAF99C88-6744-492B-A1D6-0229F85EA358} = {5A1C17D0-73CF-4A2C-8A7F-81C92747381B}
		{83AD200A-13F3-42A3-96B8-39550A13C26D} = {5A1C17D0-73CF-4A2C-8A7F-81C92747381B}
		{8A93BBAF-A5E8-4A2C-B8F2-AA712242AF69} = {4FC68F50-F5F4-4431-86A5-22AB811F3366}
		{F5560013-A83F-4C13-9BAA-935B3858C26C} = {2C9C09AA-D019-4DA4-9E5E-7E387DD58EC5}
		{F76F03DC-4F0A-4D7E-9246-54E0E9A1A8A4} = {3C1DC320-F26E-4E47-AA8C-8B4D0B18F25D}
		{9076BB55-7205-4661-9586-6AAD108D4196} = {3C1DC320-F26E-4E47-AA8C-8B4D0B18F25D}
		{3E094FC8-9DFB-4752-8CE7-6DB65E567232} = {9076BB55-7205-4661-9586-6AAD108D4196}
		{4DDCF92C-28CF-4300-9C6B-3B6C0F126D59} = {9076BB55-7205-4661-9586-6AAD108D4196}
		{0D8CCB3F-47CA-43C8-BE1C-9433337805A9} = {9076BB55-7205-4661-9586-6AAD108D4196}
		{92C55417-9494-4803-8666-41BAC5A60D6E} = {F76F03DC-4F0A-4D7E-9246-54E0E9A1A8A4}
	EndGlobalSection
	GlobalSection(ExtensibilityGlobals) = postSolution
		SolutionGuid = {558150B0-1E4B-4B82-B17F-DFD7B8C743AD}
	EndGlobalSection
EndGlobal
